
Microsoft Visual Studio Solution File, Format Version 12.00
# Visual Studio Version 16
VisualStudioVersion = 16.0.29519.87
MinimumVisualStudioVersion = 10.0.40219.1
Project("{FAE04EC0-301F-11D3-BF4B-00C04F79EFBC}") = "CategoryItem-Task", "CategoryItem-Task\CategoryItem-Task.csproj", "{8B7033F7-A323-457E-9C70-BB8F84A45A28}"
EndProject
Global
	GlobalSection(SolutionConfigurationPlatforms) = preSolution
		Debug|Any CPU = Debug|Any CPU
		Release|Any CPU = Release|Any CPU
	EndGlobalSection
	GlobalSection(ProjectConfigurationPlatforms) = postSolution
		{8B7033F7-A323-457E-9C70-BB8F84A45A28}.Debug|Any CPU.ActiveCfg = Debug|Any CPU
		{8B7033F7-A323-457E-9C70-BB8F84A45A28}.Debug|Any CPU.Build.0 = Debug|Any CPU
		{8B7033F7-A323-457E-9C70-BB8F84A45A28}.Release|Any CPU.ActiveCfg = Release|Any CPU
		{8B7033F7-A323-457E-9C70-BB8F84A45A28}.Release|Any CPU.Build.0 = Release|Any CPU
	EndGlobalSection
	GlobalSection(SolutionProperties) = preSolution
		HideSolutionNode = FALSE
	EndGlobalSection
	GlobalSection(ExtensibilityGlobals) = postSolution
		SolutionGuid = {F6F01601-D48B-4E23-915B-570A3DDAE27E}
	EndGlobalSection
EndGlobal
